
Microsoft Visual Studio Solution File, Format Version 12.00
# Visual Studio Version 17
VisualStudioVersion = 17.7.34202.233
MinimumVisualStudioVersion = 10.0.40219.1
Project("{9A19103F-16F7-4668-BE54-9A1E7A4F7556}") = "Task1_StringArray", "Task1_StringArray\Task1_StringArray.csproj", "{A35D086F-8DCF-4A06-8DA7-26368603B440}"
EndProject
Project("{9A19103F-16F7-4668-BE54-9A1E7A4F7556}") = "Task3_SingleDimArray", "Task3_SingleDimArray\Task3_SingleDimArray.csproj", "{1BE0E3E1-604F-498B-B59D-140336D40AE6}"
EndProject
Project("{FAE04EC0-301F-11D3-BF4B-00C04F79EFBC}") = "Task2_Pizzeria", "Task2_Pizzeria\Task2_Pizzeria.csproj", "{6560DF0E-47C7-422D-988B-9BD80793335D}"
EndProject
Global
	GlobalSection(SolutionConfigurationPlatforms) = preSolution
		Debug|Any CPU = Debug|Any CPU
		Release|Any CPU = Release|Any CPU
	EndGlobalSection
	GlobalSection(ProjectConfigurationPlatforms) = postSolution
		{A35D086F-8DCF-4A06-8DA7-26368603B440}.Debug|Any CPU.ActiveCfg = Debug|Any CPU
		{A35D086F-8DCF-4A06-8DA7-26368603B440}.Debug|Any CPU.Build.0 = Debug|Any CPU
		{A35D086F-8DCF-4A06-8DA7-26368603B440}.Release|Any CPU.ActiveCfg = Release|Any CPU
		{A35D086F-8DCF-4A06-8DA7-26368603B440}.Release|Any CPU.Build.0 = Release|Any CPU
		{1BE0E3E1-604F-498B-B59D-140336D40AE6}.Debug|Any CPU.ActiveCfg = Debug|Any CPU
		{1BE0E3E1-604F-498B-B59D-140336D40AE6}.Debug|Any CPU.Build.0 = Debug|Any CPU
		{1BE0E3E1-604F-498B-B59D-140336D40AE6}.Release|Any CPU.ActiveCfg = Release|Any CPU
		{1BE0E3E1-604F-498B-B59D-140336D40AE6}.Release|Any CPU.Build.0 = Release|Any CPU
		{6560DF0E-47C7-422D-988B-9BD80793335D}.Debug|Any CPU.ActiveCfg = Debug|Any CPU
		{6560DF0E-47C7-422D-988B-9BD80793335D}.Debug|Any CPU.Build.0 = Debug|Any CPU
		{6560DF0E-47C7-422D-988B-9BD80793335D}.Release|Any CPU.ActiveCfg = Release|Any CPU
		{6560DF0E-47C7-422D-988B-9BD80793335D}.Release|Any CPU.Build.0 = Release|Any CPU
	EndGlobalSection
	GlobalSection(SolutionProperties) = preSolution
		HideSolutionNode = FALSE
	EndGlobalSection
	GlobalSection(ExtensibilityGlobals) = postSolution
		SolutionGuid = {17CF5ACA-F75C-4561-AEC5-19B0B1FC60DA}
	EndGlobalSection
EndGlobal
